
Microsoft Visual Studio Solution File, Format Version 12.00
# Visual Studio Version 16
VisualStudioVersion = 16.0.32901.82
MinimumVisualStudioVersion = 10.0.40219.1
Project("{FAE04EC0-301F-11D3-BF4B-00C04F79EFBC}") = "RoutingAPI", "RoutingAPI\RoutingAPI.csproj", "{6FCD8957-ACE4-4CB5-A829-8B33693A4AF1}"
EndProject
Global
	GlobalSection(SolutionConfigurationPlatforms) = preSolution
		Debug|Any CPU = Debug|Any CPU
		Release|Any CPU = Release|Any CPU
	EndGlobalSection
	GlobalSection(ProjectConfigurationPlatforms) = postSolution
		{6FCD8957-ACE4-4CB5-A829-8B33693A4AF1}.Debug|Any CPU.ActiveCfg = Debug|Any CPU
		{6FCD8957-ACE4-4CB5-A829-8B33693A4AF1}.Debug|Any CPU.Build.0 = Debug|Any CPU
		{6FCD8957-ACE4-4CB5-A829-8B33693A4AF1}.Release|Any CPU.ActiveCfg = Release|Any CPU
		{6FCD8957-ACE4-4CB5-A829-8B33693A4AF1}.Release|Any CPU.Build.0 = Release|Any CPU
	EndGlobalSection
	GlobalSection(SolutionProperties) = preSolution
		HideSolutionNode = FALSE
	EndGlobalSection
	GlobalSection(ExtensibilityGlobals) = postSolution
		SolutionGuid = {CCAEDD72-BD21-49CC-A57D-42B3026D84B1}
	EndGlobalSection
EndGlobal
